
Microsoft Visual Studio Solution File, Format Version 12.00
Project("{FAE04EC0-301F-11D3-BF4B-00C04F79EFBC}") = "amecs", "amecs.csproj", "{BD020697-9E9B-4A46-8804-BC47F0FC2806}"
EndProject
Global
	GlobalSection(SolutionConfigurationPlatforms) = preSolution
		Debug|Any CPU = Debug|Any CPU
		Release|Any CPU = Release|Any CPU
	EndGlobalSection
	GlobalSection(ProjectConfigurationPlatforms) = postSolution
		{BD020697-9E9B-4A46-8804-BC47F0FC2806}.Debug|Any CPU.ActiveCfg = Debug|Any CPU
		{BD020697-9E9B-4A46-8804-BC47F0FC2806}.Debug|Any CPU.Build.0 = Debug|Any CPU
		{BD020697-9E9B-4A46-8804-BC47F0FC2806}.Release|Any CPU.ActiveCfg = Release|Any CPU
		{BD020697-9E9B-4A46-8804-BC47F0FC2806}.Release|Any CPU.Build.0 = Release|Any CPU
	EndGlobalSection
EndGlobal
